
Microsoft Visual Studio Solution File, Format Version 12.00
# Visual Studio Version 17
VisualStudioVersion = 17.9.34902.65
MinimumVisualStudioVersion = 10.0.40219.1
Project("{888888A0-9F3D-457C-B088-3A5042F75D52}") = "Agents for Snake", "Agents for Snake\Agents for Snake.pyproj", "{4272966C-C9D4-45BB-AE11-2C9CC1696348}"
EndProject
Global
	GlobalSection(SolutionConfigurationPlatforms) = preSolution
		Debug|Any CPU = Debug|Any CPU
		Release|Any CPU = Release|Any CPU
	EndGlobalSection
	GlobalSection(ProjectConfigurationPlatforms) = postSolution
		{4272966C-C9D4-45BB-AE11-2C9CC1696348}.Debug|Any CPU.ActiveCfg = Debug|Any CPU
		{4272966C-C9D4-45BB-AE11-2C9CC1696348}.Release|Any CPU.ActiveCfg = Release|Any CPU
	EndGlobalSection
	GlobalSection(SolutionProperties) = preSolution
		HideSolutionNode = FALSE
	EndGlobalSection
	GlobalSection(ExtensibilityGlobals) = postSolution
		SolutionGuid = {7CBBF22F-0B1D-4147-AD5E-465D3D613A9D}
	EndGlobalSection
EndGlobal
